
Microsoft Visual Studio Solution File, Format Version 12.00
# Visual Studio Version 17
VisualStudioVersion = 17.5.002.0
MinimumVisualStudioVersion = 10.0.40219.1
Project("{9A19103F-16F7-4668-BE54-9A1E7A4F7556}") = "DesafioPOO", "DesafioPOO.csproj", "{F3E7D536-E776-4E18-A112-6FB4D1600D29}"
EndProject
Global
	GlobalSection(SolutionConfigurationPlatforms) = preSolution
		Debug|Any CPU = Debug|Any CPU
		Release|Any CPU = Release|Any CPU
	EndGlobalSection
	GlobalSection(ProjectConfigurationPlatforms) = postSolution
		{F3E7D536-E776-4E18-A112-6FB4D1600D29}.Debug|Any CPU.ActiveCfg = Debug|Any CPU
		{F3E7D536-E776-4E18-A112-6FB4D1600D29}.Debug|Any CPU.Build.0 = Debug|Any CPU
		{F3E7D536-E776-4E18-A112-6FB4D1600D29}.Release|Any CPU.ActiveCfg = Release|Any CPU
		{F3E7D536-E776-4E18-A112-6FB4D1600D29}.Release|Any CPU.Build.0 = Release|Any CPU
	EndGlobalSection
	GlobalSection(SolutionProperties) = preSolution
		HideSolutionNode = FALSE
	EndGlobalSection
	GlobalSection(ExtensibilityGlobals) = postSolution
		SolutionGuid = {A586DF77-D0C6-4446-99B5-83141886EFBB}
	EndGlobalSection
EndGlobal
